# THIS IS AN AUTOGENERATED FILE. DO NOT EDIT THIS FILE DIRECTLY.
# yarn lockfile v1


"@popperjs/core@^2.9.3":
  version "2.11.5"
  resolved "https://registry.npmmirror.com/@popperjs/core/-/core-2.11.5.tgz#db5a11bf66bdab39569719555b0f76e138d7bd64"
  integrity sha512-9X2obfABZuDVLCgPK9aX0a/x4jaOEweTTWE2+9sr0Qqqevj2Uv5XorvusThmc9XGYpS9yI+fhh8RTafBtGposw==

flowbite@^1.4.1:
  version "1.4.1"
  resolved "https://registry.npmmirror.com/flowbite/-/flowbite-1.4.1.tgz#173a8e0cd1f2c9a986c1383c387f10d1a4c547f1"
  integrity sha512-65QrhBUVa7BHGDLM1t1vySgS8unlxTw8PQfJXraTj5Fez+OE17XOTBuOSVk3DCDjAicWBydD+Gkmz53S/8IJ2A==
  dependencies:
    "@popperjs/core" "^2.9.3"
    mini-svg-data-uri "^1.4.3"

mini-svg-data-uri@^1.4.3:
  version "1.4.4"
  resolved "https://registry.npmmirror.com/mini-svg-data-uri/-/mini-svg-data-uri-1.4.4.tgz#8ab0aabcdf8c29ad5693ca595af19dd2ead09939"
  integrity sha512-r9deDe9p5FJUPZAk3A59wGH7Ii9YrjjWw0jmw/liSbHl2CHiyXj6FcDXDu2K3TjVAXqiJdaw3xxwlZZr9E6nHg==
